
Microsoft Visual Studio Solution File, Format Version 12.00
# Visual Studio Version 17
VisualStudioVersion = 17.9.34723.18
MinimumVisualStudioVersion = 10.0.40219.1
Project("{8BC9CEB8-8B4A-11D0-8D11-00A0C91BC942}") = "output", "output\output.vcxproj", "{B5F12866-7A88-48E3-A1E0-FF3E1B2B292F}"
EndProject
Project("{8BC9CEB8-8B4A-11D0-8D11-00A0C91BC942}") = "inputOutput", "inputOutput\inputOutput.vcxproj", "{163898CE-531C-4340-B541-3556A1E840FE}"
EndProject
Project("{8BC9CEB8-8B4A-11D0-8D11-00A0C91BC942}") = "dataType", "dataType\dataType.vcxproj", "{CE369CDF-4CE9-441E-B2DC-39BC2F565B48}"
EndProject
Project("{8BC9CEB8-8B4A-11D0-8D11-00A0C91BC942}") = "outputConversion", "outputConversion\outputConversion.vcxproj", "{495DF963-36E3-44F8-B47B-EE680130D90F}"
EndProject
Global
	GlobalSection(SolutionConfigurationPlatforms) = preSolution
		Debug|x64 = Debug|x64
		Debug|x86 = Debug|x86
		Release|x64 = Release|x64
		Release|x86 = Release|x86
	EndGlobalSection
	GlobalSection(ProjectConfigurationPlatforms) = postSolution
		{B5F12866-7A88-48E3-A1E0-FF3E1B2B292F}.Debug|x64.ActiveCfg = Debug|x64
		{B5F12866-7A88-48E3-A1E0-FF3E1B2B292F}.Debug|x64.Build.0 = Debug|x64
		{B5F12866-7A88-48E3-A1E0-FF3E1B2B292F}.Debug|x86.ActiveCfg = Debug|Win32
		{B5F12866-7A88-48E3-A1E0-FF3E1B2B292F}.Debug|x86.Build.0 = Debug|Win32
		{B5F12866-7A88-48E3-A1E0-FF3E1B2B292F}.Release|x64.ActiveCfg = Release|x64
		{B5F12866-7A88-48E3-A1E0-FF3E1B2B292F}.Release|x64.Build.0 = Release|x64
		{B5F12866-7A88-48E3-A1E0-FF3E1B2B292F}.Release|x86.ActiveCfg = Release|Win32
		{B5F12866-7A88-48E3-A1E0-FF3E1B2B292F}.Release|x86.Build.0 = Release|Win32
		{163898CE-531C-4340-B541-3556A1E840FE}.Debug|x64.ActiveCfg = Debug|x64
		{163898CE-531C-4340-B541-3556A1E840FE}.Debug|x64.Build.0 = Debug|x64
		{163898CE-531C-4340-B541-3556A1E840FE}.Debug|x86.ActiveCfg = Debug|Win32
		{163898CE-531C-4340-B541-3556A1E840FE}.Debug|x86.Build.0 = Debug|Win32
		{163898CE-531C-4340-B541-3556A1E840FE}.Release|x64.ActiveCfg = Release|x64
		{163898CE-531C-4340-B541-3556A1E840FE}.Release|x64.Build.0 = Release|x64
		{163898CE-531C-4340-B541-3556A1E840FE}.Release|x86.ActiveCfg = Release|Win32
		{163898CE-531C-4340-B541-3556A1E840FE}.Release|x86.Build.0 = Release|Win32
		{CE369CDF-4CE9-441E-B2DC-39BC2F565B48}.Debug|x64.ActiveCfg = Debug|x64
		{CE369CDF-4CE9-441E-B2DC-39BC2F565B48}.Debug|x64.Build.0 = Debug|x64
		{CE369CDF-4CE9-441E-B2DC-39BC2F565B48}.Debug|x86.ActiveCfg = Debug|Win32
		{CE369CDF-4CE9-441E-B2DC-39BC2F565B48}.Debug|x86.Build.0 = Debug|Win32
		{CE369CDF-4CE9-441E-B2DC-39BC2F565B48}.Release|x64.ActiveCfg = Release|x64
		{CE369CDF-4CE9-441E-B2DC-39BC2F565B48}.Release|x64.Build.0 = Release|x64
		{CE369CDF-4CE9-441E-B2DC-39BC2F565B48}.Release|x86.ActiveCfg = Release|Win32
		{CE369CDF-4CE9-441E-B2DC-39BC2F565B48}.Release|x86.Build.0 = Release|Win32
		{495DF963-36E3-44F8-B47B-EE680130D90F}.Debug|x64.ActiveCfg = Debug|x64
		{495DF963-36E3-44F8-B47B-EE680130D90F}.Debug|x64.Build.0 = Debug|x64
		{495DF963-36E3-44F8-B47B-EE680130D90F}.Debug|x86.ActiveCfg = Debug|Win32
		{495DF963-36E3-44F8-B47B-EE680130D90F}.Debug|x86.Build.0 = Debug|Win32
		{495DF963-36E3-44F8-B47B-EE680130D90F}.Release|x64.ActiveCfg = Release|x64
		{495DF963-36E3-44F8-B47B-EE680130D90F}.Release|x64.Build.0 = Release|x64
		{495DF963-36E3-44F8-B47B-EE680130D90F}.Release|x86.ActiveCfg = Release|Win32
		{495DF963-36E3-44F8-B47B-EE680130D90F}.Release|x86.Build.0 = Release|Win32
	EndGlobalSection
	GlobalSection(SolutionProperties) = preSolution
		HideSolutionNode = FALSE
	EndGlobalSection
	GlobalSection(ExtensibilityGlobals) = postSolution
		SolutionGuid = {0D5C718F-CFFA-424D-B464-D166F41900EF}
	EndGlobalSection
EndGlobal
